
Microsoft Visual Studio Solution File, Format Version 11.00
# Visual Studio 2010
Project("{FAE04EC0-301F-11D3-BF4B-00C04F79EFBC}") = "EventBooker", "EventBooker\EventBooker.csproj", "{49163975-8767-4807-971A-AE3B0BFA2119}"
EndProject
Project("{FAE04EC0-301F-11D3-BF4B-00C04F79EFBC}") = "EventBookerTests", "EventBookerTests\EventBookerTests.csproj", "{AF241899-79CD-4021-BA7D-08C921A64D5B}"
EndProject
Project("{2150E333-8FDC-42A3-9474-1A3956D46DE8}") = "Solution Items", "Solution Items", "{F40E092E-4BC7-4B07-A549-7328FD9CD346}"
	ProjectSection(SolutionItems) = preProject
		EventBooker.vsmdi = EventBooker.vsmdi
		Local.testsettings = Local.testsettings
		TraceAndTestImpact.testsettings = TraceAndTestImpact.testsettings
	EndProjectSection
EndProject
Global
	GlobalSection(TestCaseManagementSettings) = postSolution
		CategoryFile = EventBooker.vsmdi
	EndGlobalSection
	GlobalSection(SolutionConfigurationPlatforms) = preSolution
		Debug|Any CPU = Debug|Any CPU
		Debug|Mixed Platforms = Debug|Mixed Platforms
		Debug|x86 = Debug|x86
		Release|Any CPU = Release|Any CPU
		Release|Mixed Platforms = Release|Mixed Platforms
		Release|x86 = Release|x86
	EndGlobalSection
	GlobalSection(ProjectConfigurationPlatforms) = postSolution
		{49163975-8767-4807-971A-AE3B0BFA2119}.Debug|Any CPU.ActiveCfg = Debug|x86
		{49163975-8767-4807-971A-AE3B0BFA2119}.Debug|Mixed Platforms.ActiveCfg = Debug|x86
		{49163975-8767-4807-971A-AE3B0BFA2119}.Debug|Mixed Platforms.Build.0 = Debug|x86
		{49163975-8767-4807-971A-AE3B0BFA2119}.Debug|x86.ActiveCfg = Debug|x86
		{49163975-8767-4807-971A-AE3B0BFA2119}.Debug|x86.Build.0 = Debug|x86
		{49163975-8767-4807-971A-AE3B0BFA2119}.Release|Any CPU.ActiveCfg = Release|x86
		{49163975-8767-4807-971A-AE3B0BFA2119}.Release|Mixed Platforms.ActiveCfg = Release|x86
		{49163975-8767-4807-971A-AE3B0BFA2119}.Release|Mixed Platforms.Build.0 = Release|x86
		{49163975-8767-4807-971A-AE3B0BFA2119}.Release|x86.ActiveCfg = Release|x86
		{49163975-8767-4807-971A-AE3B0BFA2119}.Release|x86.Build.0 = Release|x86
		{AF241899-79CD-4021-BA7D-08C921A64D5B}.Debug|Any CPU.ActiveCfg = Debug|Any CPU
		{AF241899-79CD-4021-BA7D-08C921A64D5B}.Debug|Any CPU.Build.0 = Debug|Any CPU
		{AF241899-79CD-4021-BA7D-08C921A64D5B}.Debug|Mixed Platforms.ActiveCfg = Debug|Any CPU
		{AF241899-79CD-4021-BA7D-08C921A64D5B}.Debug|Mixed Platforms.Build.0 = Debug|Any CPU
		{AF241899-79CD-4021-BA7D-08C921A64D5B}.Debug|x86.ActiveCfg = Debug|Any CPU
		{AF241899-79CD-4021-BA7D-08C921A64D5B}.Release|Any CPU.ActiveCfg = Release|Any CPU
		{AF241899-79CD-4021-BA7D-08C921A64D5B}.Release|Any CPU.Build.0 = Release|Any CPU
		{AF241899-79CD-4021-BA7D-08C921A64D5B}.Release|Mixed Platforms.ActiveCfg = Release|Any CPU
		{AF241899-79CD-4021-BA7D-08C921A64D5B}.Release|Mixed Platforms.Build.0 = Release|Any CPU
		{AF241899-79CD-4021-BA7D-08C921A64D5B}.Release|x86.ActiveCfg = Release|Any CPU
	EndGlobalSection
	GlobalSection(SolutionProperties) = preSolution
		HideSolutionNode = FALSE
	EndGlobalSection
EndGlobal
